
Microsoft Visual Studio Solution File, Format Version 12.00
# Visual Studio Version 16
VisualStudioVersion = 16.0.29911.84
MinimumVisualStudioVersion = 10.0.40219.1
Project("{FAE04EC0-301F-11D3-BF4B-00C04F79EFBC}") = "MyChatAPI", "MyChatAPI\MyChatAPI.csproj", "{CE27845C-C68F-46B3-976B-49754FCB368E}"
EndProject
Global
	GlobalSection(SolutionConfigurationPlatforms) = preSolution
		Debug|Any CPU = Debug|Any CPU
		Release|Any CPU = Release|Any CPU
	EndGlobalSection
	GlobalSection(ProjectConfigurationPlatforms) = postSolution
		{CE27845C-C68F-46B3-976B-49754FCB368E}.Debug|Any CPU.ActiveCfg = Debug|Any CPU
		{CE27845C-C68F-46B3-976B-49754FCB368E}.Debug|Any CPU.Build.0 = Debug|Any CPU
		{CE27845C-C68F-46B3-976B-49754FCB368E}.Release|Any CPU.ActiveCfg = Release|Any CPU
		{CE27845C-C68F-46B3-976B-49754FCB368E}.Release|Any CPU.Build.0 = Release|Any CPU
	EndGlobalSection
	GlobalSection(SolutionProperties) = preSolution
		HideSolutionNode = FALSE
	EndGlobalSection
	GlobalSection(ExtensibilityGlobals) = postSolution
		SolutionGuid = {5E915C57-A6E9-47F4-8FFC-0A1A86073702}
	EndGlobalSection
EndGlobal
